
Microsoft Visual Studio Solution File, Format Version 12.00
# Visual Studio Version 17
VisualStudioVersion = 17.2.32630.192
MinimumVisualStudioVersion = 10.0.40219.1
Project("{FAE04EC0-301F-11D3-BF4B-00C04F79EFBC}") = "WPF-Password-Generator", "WPF-Password-Generator.csproj", "{0EF0E8E1-6353-4D8D-9AA9-D78D5D213048}"
EndProject
Global
	GlobalSection(SolutionConfigurationPlatforms) = preSolution
		Debug|Any CPU = Debug|Any CPU
		Release|Any CPU = Release|Any CPU
	EndGlobalSection
	GlobalSection(ProjectConfigurationPlatforms) = postSolution
		{0EF0E8E1-6353-4D8D-9AA9-D78D5D213048}.Debug|Any CPU.ActiveCfg = Debug|Any CPU
		{0EF0E8E1-6353-4D8D-9AA9-D78D5D213048}.Debug|Any CPU.Build.0 = Debug|Any CPU
		{0EF0E8E1-6353-4D8D-9AA9-D78D5D213048}.Release|Any CPU.ActiveCfg = Release|Any CPU
		{0EF0E8E1-6353-4D8D-9AA9-D78D5D213048}.Release|Any CPU.Build.0 = Release|Any CPU
	EndGlobalSection
	GlobalSection(SolutionProperties) = preSolution
		HideSolutionNode = FALSE
	EndGlobalSection
	GlobalSection(ExtensibilityGlobals) = postSolution
		SolutionGuid = {5128DAC2-A7D4-4E4A-80F4-220C68D26B14}
	EndGlobalSection
EndGlobal
